Microsoft Visual Studio Solution File, Format Version 12.00
# Visual Studio Version 17
VisualStudioVersion = 17.13.35913.81
MinimumVisualStudioVersion = 10.0.40219.1
Project("{FAE04EC0-301F-11D3-BF4B-00C04F79EFBC}") = "InterfaceApp", "InterfaceApp\InterfaceApp.csproj", "{CDC99676-9E52-4D2B-A36F-D82C48C60805}"
EndProject
Global
	GlobalSection(SolutionConfigurationPlatforms) = preSolution
		Debug|Any CPU = Debug|Any CPU
		Release|Any CPU = Release|Any CPU
	EndGlobalSection
	GlobalSection(ProjectConfigurationPlatforms) = postSolution
		{CDC99676-9E52-4D2B-A36F-D82C48C60805}.Debug|Any CPU.ActiveCfg = Debug|Any CPU
		{CDC99676-9E52-4D2B-A36F-D82C48C60805}.Debug|Any CPU.Build.0 = Debug|Any CPU
		{CDC99676-9E52-4D2B-A36F-D82C48C60805}.Release|Any CPU.ActiveCfg = Release|Any CPU
		{CDC99676-9E52-4D2B-A36F-D82C48C60805}.Release|Any CPU.Build.0 = Release|Any CPU
	EndGlobalSection
	GlobalSection(SolutionProperties) = preSolution
		HideSolutionNode = FALSE
	EndGlobalSection
	GlobalSection(ExtensibilityGlobals) = postSolution
		SolutionGuid = {8784E4F7-39C3-4230-BC19-F557C2237C82}
	EndGlobalSection
EndGlobal
